
Microsoft Visual Studio Solution File, Format Version 12.00
# Visual Studio Version 17
VisualStudioVersion = 17.13.35931.197 d17.13
MinimumVisualStudioVersion = 10.0.40219.1
Project("{FAE04EC0-301F-11D3-BF4B-00C04F79EFBC}") = "LabaBD", "LabaBD.csproj", "{D076CCD7-AC5D-4F4F-802D-E4B57824114F}"
EndProject
Global
	GlobalSection(SolutionConfigurationPlatforms) = preSolution
		Debug|Any CPU = Debug|Any CPU
		Release|Any CPU = Release|Any CPU
	EndGlobalSection
	GlobalSection(ProjectConfigurationPlatforms) = postSolution
		{D076CCD7-AC5D-4F4F-802D-E4B57824114F}.Debug|Any CPU.ActiveCfg = Debug|Any CPU
		{D076CCD7-AC5D-4F4F-802D-E4B57824114F}.Debug|Any CPU.Build.0 = Debug|Any CPU
		{D076CCD7-AC5D-4F4F-802D-E4B57824114F}.Release|Any CPU.ActiveCfg = Release|Any CPU
		{D076CCD7-AC5D-4F4F-802D-E4B57824114F}.Release|Any CPU.Build.0 = Release|Any CPU
	EndGlobalSection
	GlobalSection(SolutionProperties) = preSolution
		HideSolutionNode = FALSE
	EndGlobalSection
	GlobalSection(ExtensibilityGlobals) = postSolution
		SolutionGuid = {1BC7D468-57F5-4A11-A6DB-2D2A67775076}
	EndGlobalSection
EndGlobal
